{
  "name": "hackaton",
  "lockfileVersion": 3,
  "requires": true,
  "packages": {
    "": {
      "dependencies": {
        "@genezio-sdk/hackaton": "^1.0.0-prod",
        "0auth": "^1.0.4",
        "auth0": "^4.3.1"
      }
    },
    "node_modules/@genezio-sdk/hackaton": {
      "version": "1.0.0-prod",
      "resolved": "https://rt3ersglfpyjlkzcjgql3s7xju0nuzym.lambda-url.us-east-1.on.aws/RegistryHTTPHandler/npm/hackaton/-/hackaton-1.0.0-prod.tgz",
      "integrity": "sha512-FqYDz2g0HslTX6EzPZE5DKuhttAV38h/79xwrBgnI3z+B69eLUU2F8W1nBxxpr7k1xmv13cw8/EzjSKOdAjDSQ==",
      "bundleDependencies": [
        "genezio-remote"
      ],
      "dependencies": {
        "genezio-remote": "1.0.0"
      }
    },
    "node_modules/@genezio-sdk/hackaton/node_modules/genezio-remote": {
      "version": "1.0.0",
      "inBundle": true
    },
    "node_modules/0auth": {
      "version": "1.0.4",
      "resolved": "https://registry.npmjs.org/0auth/-/0auth-1.0.4.tgz",
      "integrity": "sha512-jepWbddEueFhiBlMLxcCBZfWZVoXCBWjsHAteGLVj0JNNFkCXsW7Dzeqh5GgfuYxOkxCAq4DiY3WQI49A2to8A=="
    },
    "node_modules/auth0": {
      "version": "4.3.1",
      "resolved": "https://registry.npmjs.org/auth0/-/auth0-4.3.1.tgz",
      "integrity": "sha512-VuR/PdNHwXD9QiYUZf8UN0qiv07yJWHKfF2yEhePaPCrpwbEm6lHM6dkN7ylOdseogCkGmvchxYGMga0IPNrCA==",
      "dependencies": {
        "jose": "^4.13.2",
        "uuid": "^9.0.0"
      },
      "engines": {
        "node": ">=18"
      }
    },
    "node_modules/jose": {
      "version": "4.15.5",
      "resolved": "https://registry.npmjs.org/jose/-/jose-4.15.5.tgz",
      "integrity": "sha512-jc7BFxgKPKi94uOvEmzlSWFFe2+vASyXaKUpdQKatWAESU2MWjDfFf0fdfc83CDKcA5QecabZeNLyfhe3yKNkg==",
      "funding": {
        "url": "https://github.com/sponsors/panva"
      }
    },
    "node_modules/uuid": {
      "version": "9.0.1",
      "resolved": "https://registry.npmjs.org/uuid/-/uuid-9.0.1.tgz",
      "integrity": "sha512-b+1eJOlsR9K8HJpow9Ok3fiWOWSIcIzXodvv0rQjVoOVNpWMpxf1wZNpt4y9h10odCNrqnYp1OBzRktckBe3sA==",
      "funding": [
        "https://github.com/sponsors/broofa",
        "https://github.com/sponsors/ctavan"
      ],
      "bin": {
        "uuid": "dist/bin/uuid"
      }
    }
  }
}
